# This file is automatically @generated by Cargo.
# It is not intended for manual editing.
version = 3

[[package]]
name = "ascii-to-hex"
version = "0.1.1"
source = "registry+https://github.com/rust-lang/crates.io-index"
checksum = "dcc3b1e1b5748d07f6f45cfa7567a3cd3b0fb85374711f31a4f599947c78b5fb"

[[package]]
name = "sic_assembler"
version = "0.1.0"
dependencies = [
 "ascii-to-hex",
]
